
Microsoft Visual Studio Solution File, Format Version 12.00
# Visual Studio 15
VisualStudioVersion = 15.0.28307.168
MinimumVisualStudioVersion = 10.0.40219.1
Project("{FAE04EC0-301F-11D3-BF4B-00C04F79EFBC}") = "Microcharts", "Microcharts\Microcharts.csproj", "{99BE04EF-A672-4BC4-BE5B-C4FEE8AD08F3}"
EndProject
Global
	GlobalSection(SolutionConfigurationPlatforms) = preSolution
		Debug|Any CPU = Debug|Any CPU
		Release|Any CPU = Release|Any CPU
	EndGlobalSection
	GlobalSection(ProjectConfigurationPlatforms) = postSolution
		{99BE04EF-A672-4BC4-BE5B-C4FEE8AD08F3}.Debug|Any CPU.ActiveCfg = Debug|Any CPU
		{99BE04EF-A672-4BC4-BE5B-C4FEE8AD08F3}.Debug|Any CPU.Build.0 = Debug|Any CPU
		{99BE04EF-A672-4BC4-BE5B-C4FEE8AD08F3}.Release|Any CPU.ActiveCfg = Release|Any CPU
		{99BE04EF-A672-4BC4-BE5B-C4FEE8AD08F3}.Release|Any CPU.Build.0 = Release|Any CPU
	EndGlobalSection
	GlobalSection(SolutionProperties) = preSolution
		HideSolutionNode = FALSE
	EndGlobalSection
	GlobalSection(ExtensibilityGlobals) = postSolution
		SolutionGuid = {1B87BE03-3630-4C30-A10D-0F3F3696B6EF}
	EndGlobalSection
EndGlobal
